
Microsoft Visual Studio Solution File, Format Version 12.00
# Visual Studio Version 16
VisualStudioVersion = 16.0.29503.13
MinimumVisualStudioVersion = 10.0.40219.1
Project("{FAE04EC0-301F-11D3-BF4B-00C04F79EFBC}") = "AuthProject", "AuthProject\AuthProject.csproj", "{F535C5AC-2C7F-4CA4-BB8E-80EADEB470ED}"
EndProject
Global
	GlobalSection(SolutionConfigurationPlatforms) = preSolution
		Debug|Any CPU = Debug|Any CPU
		Release|Any CPU = Release|Any CPU
	EndGlobalSection
	GlobalSection(ProjectConfigurationPlatforms) = postSolution
		{F535C5AC-2C7F-4CA4-BB8E-80EADEB470ED}.Debug|Any CPU.ActiveCfg = Debug|Any CPU
		{F535C5AC-2C7F-4CA4-BB8E-80EADEB470ED}.Debug|Any CPU.Build.0 = Debug|Any CPU
		{F535C5AC-2C7F-4CA4-BB8E-80EADEB470ED}.Release|Any CPU.ActiveCfg = Release|Any CPU
		{F535C5AC-2C7F-4CA4-BB8E-80EADEB470ED}.Release|Any CPU.Build.0 = Release|Any CPU
	EndGlobalSection
	GlobalSection(SolutionProperties) = preSolution
		HideSolutionNode = FALSE
	EndGlobalSection
	GlobalSection(ExtensibilityGlobals) = postSolution
		SolutionGuid = {550B8229-6DF8-4E80-BE83-89B617A1E759}
	EndGlobalSection
EndGlobal
